
Microsoft Visual Studio Solution File, Format Version 12.00
# Visual Studio Version 16
VisualStudioVersion = 16.0.31205.134
MinimumVisualStudioVersion = 10.0.40219.1
Project("{FAE04EC0-301F-11D3-BF4B-00C04F79EFBC}") = "Hierarchical_Inheritance", "Hierarchical_Inheritance.csproj", "{5C1CBA7B-1142-4CC3-8675-9C1E1EBE992D}"
EndProject
Global
	GlobalSection(SolutionConfigurationPlatforms) = preSolution
		Debug|Any CPU = Debug|Any CPU
		Release|Any CPU = Release|Any CPU
	EndGlobalSection
	GlobalSection(ProjectConfigurationPlatforms) = postSolution
		{5C1CBA7B-1142-4CC3-8675-9C1E1EBE992D}.Debug|Any CPU.ActiveCfg = Debug|Any CPU
		{5C1CBA7B-1142-4CC3-8675-9C1E1EBE992D}.Debug|Any CPU.Build.0 = Debug|Any CPU
		{5C1CBA7B-1142-4CC3-8675-9C1E1EBE992D}.Release|Any CPU.ActiveCfg = Release|Any CPU
		{5C1CBA7B-1142-4CC3-8675-9C1E1EBE992D}.Release|Any CPU.Build.0 = Release|Any CPU
	EndGlobalSection
	GlobalSection(SolutionProperties) = preSolution
		HideSolutionNode = FALSE
	EndGlobalSection
	GlobalSection(ExtensibilityGlobals) = postSolution
		SolutionGuid = {2CF148A6-7B4E-4B04-93E8-B739C9B47F92}
	EndGlobalSection
EndGlobal
